// !$*UTF8*$!
{
	archiveVersion = 1;
	classes = {
	};
	objectVersion = 50;
	objects = {

/* Begin PBXBuildFile section */
		53567E55C9D30F7230602952 /* Pods_JCS_Kit.framework in Frameworks */ = {isa = PBXBuildFile; fileRef = E89503DEDD02D9B3D61F0037 /* Pods_JCS_Kit.framework */; };
		7D056E4723EC0FD700E55653 /* AppDelegate.m in Sources */ = {isa = PBXBuildFile; fileRef = 7D056E4623EC0FD700E55653 /* AppDelegate.m */; };
		7D056E4A23EC0FD700E55653 /* SceneDelegate.m in Sources */ = {isa = PBXBuildFile; fileRef = 7D056E4923EC0FD700E55653 /* SceneDelegate.m */; };
		7D056E4D23EC0FD700E55653 /* ViewController.m in Sources */ = {isa = PBXBuildFile; fileRef = 7D056E4C23EC0FD700E55653 /* ViewController.m */; };
		7D056E5023EC0FD700E55653 /* Main.storyboard in Resources */ = {isa = PBXBuildFile; fileRef = 7D056E4E23EC0FD700E55653 /* Main.storyboard */; };
		7D056E5223EC0FDA00E55653 /* Assets.xcassets in Resources */ = {isa = PBXBuildFile; fileRef = 7D056E5123EC0FDA00E55653 /* Assets.xcassets */; };
		7D056E5523EC0FDA00E55653 /* LaunchScreen.storyboard in Resources */ = {isa = PBXBuildFile; fileRef = 7D056E5323EC0FDA00E55653 /* LaunchScreen.storyboard */; };
		7D056E5823EC0FDA00E55653 /* main.m in Sources */ = {isa = PBXBuildFile; fileRef = 7D056E5723EC0FDA00E55653 /* main.m */; };
/* End PBXBuildFile section */

/* Begin PBXFileReference section */
		52394D152E1D28A262AEDFD6 /* Pods-JCS_Kit.release.xcconfig */ = {isa = PBXFileReference; includeInIndex = 1; lastKnownFileType = text.xcconfig; name = "Pods-JCS_Kit.release.xcconfig"; path = "Target Support Files/Pods-JCS_Kit/Pods-JCS_Kit.release.xcconfig"; sourceTree = "<group>"; };
		7D056E4223EC0FD700E55653 /* JCS_Kit.app */ = {isa = PBXFileReference; explicitFileType = wrapper.application; includeInIndex = 0; path = JCS_Kit.app; sourceTree = BUILT_PRODUCTS_DIR; };
		7D056E4523EC0FD700E55653 /* AppDelegate.h */ = {isa = PBXFileReference; lastKnownFileType = sourcecode.c.h; path = AppDelegate.h; sourceTree = "<group>"; };
		7D056E4623EC0FD700E55653 /* AppDelegate.m */ = {isa = PBXFileReference; lastKnownFileType = sourcecode.c.objc; path = AppDelegate.m; sourceTree = "<group>"; };
		7D056E4823EC0FD700E55653 /* SceneDelegate.h */ = {isa = PBXFileReference; lastKnownFileType = sourcecode.c.h; path = SceneDelegate.h; sourceTree = "<group>"; };
		7D056E4923EC0FD700E55653 /* SceneDelegate.m */ = {isa = PBXFileReference; lastKnownFileType = sourcecode.c.objc; path = SceneDelegate.m; sourceTree = "<group>"; };
		7D056E4B23EC0FD700E55653 /* ViewController.h */ = {isa = PBXFileReference; lastKnownFileType = sourcecode.c.h; path = ViewController.h; sourceTree = "<group>"; };
		7D056E4C23EC0FD700E55653 /* ViewController.m */ = {isa = PBXFileReference; lastKnownFileType = sourcecode.c.objc; path = ViewController.m; sourceTree = "<group>"; };
		7D056E4F23EC0FD700E55653 /* Base */ = {isa = PBXFileReference; lastKnownFileType = file.storyboard; name = Base; path = Base.lproj/Main.storyboard; sourceTree = "<group>"; };
		7D056E5123EC0FDA00E55653 /* Assets.xcassets */ = {isa = PBXFileReference; lastKnownFileType = folder.assetcatalog; path = Assets.xcassets; sourceTree = "<group>"; };
		7D056E5423EC0FDA00E55653 /* Base */ = {isa = PBXFileReference; lastKnownFileType = file.storyboard; name = Base; path = Base.lproj/LaunchScreen.storyboard; sourceTree = "<group>"; };
		7D056E5623EC0FDA00E55653 /* Info.plist */ = {isa = PBXFileReference; lastKnownFileType = text.plist.xml; path = Info.plist; sourceTree = "<group>"; };
		7D056E5723EC0FDA00E55653 /* main.m */ = {isa = PBXFileReference; lastKnownFileType = sourcecode.c.objc; path = main.m; sourceTree = "<group>"; };
		7D056E5F23EC103500E55653 /* JCS_Kit.h */ = {isa = PBXFileReference; lastKnownFileType = sourcecode.c.h; path = JCS_Kit.h; sourceTree = "<group>"; };
		DCF346EA65B37144E17495F1 /* Pods-JCS_Kit.debug.xcconfig */ = {isa = PBXFileReference; includeInIndex = 1; lastKnownFileType = text.xcconfig; name = "Pods-JCS_Kit.debug.xcconfig"; path = "Target Support Files/Pods-JCS_Kit/Pods-JCS_Kit.debug.xcconfig"; sourceTree = "<group>"; };
		E89503DEDD02D9B3D61F0037 /* Pods_JCS_Kit.framework */ = {isa = PBXFileReference; explicitFileType = wrapper.framework; includeInIndex = 0; path = Pods_JCS_Kit.framework; sourceTree = BUILT_PRODUCTS_DIR; };
/* End PBXFileReference section */

/* Begin PBXFrameworksBuildPhase section */
		7D056E3F23EC0FD700E55653 /* Frameworks */ = {
			isa = PBXFrameworksBuildPhase;
			buildActionMask = 2147483647;
			files = (
				53567E55C9D30F7230602952 /* Pods_JCS_Kit.framework in Frameworks */,
			);
			runOnlyForDeploymentPostprocessing = 0;
		};
/* End PBXFrameworksBuildPhase section */

/* Begin PBXGroup section */
		0CA9205C1A9EA3528F9586E4 /* Frameworks */ = {
			isa = PBXGroup;
			children = (
				E89503DEDD02D9B3D61F0037 /* Pods_JCS_Kit.framework */,
			);
			name = Frameworks;
			sourceTree = "<group>";
		};
		7D056E3923EC0FD700E55653 = {
			isa = PBXGroup;
			children = (
				7D056E4423EC0FD700E55653 /* JCS_Kit */,
				7D056E4323EC0FD700E55653 /* Products */,
				C1E0B2858A905F7CC92389A9 /* Pods */,
				0CA9205C1A9EA3528F9586E4 /* Frameworks */,
			);
			sourceTree = "<group>";
		};
		7D056E4323EC0FD700E55653 /* Products */ = {
			isa = PBXGroup;
			children = (
				7D056E4223EC0FD700E55653 /* JCS_Kit.app */,
			);
			name = Products;
			sourceTree = "<group>";
		};
		7D056E4423EC0FD700E55653 /* JCS_Kit */ = {
			isa = PBXGroup;
			children = (
				7D056E5E23EC101700E55653 /* JCS_Kit */,
				7D056E4523EC0FD700E55653 /* AppDelegate.h */,
				7D056E4623EC0FD700E55653 /* AppDelegate.m */,
				7D056E4823EC0FD700E55653 /* SceneDelegate.h */,
				7D056E4923EC0FD700E55653 /* SceneDelegate.m */,
				7D056E4B23EC0FD700E55653 /* ViewController.h */,
				7D056E4C23EC0FD700E55653 /* ViewController.m */,
				7D056E4E23EC0FD700E55653 /* Main.storyboard */,
				7D056E5123EC0FDA00E55653 /* Assets.xcassets */,
				7D056E5323EC0FDA00E55653 /* LaunchScreen.storyboard */,
				7D056E5623EC0FDA00E55653 /* Info.plist */,
				7D056E5723EC0FDA00E55653 /* main.m */,
			);
			path = JCS_Kit;
			sourceTree = "<group>";
		};
		7D056E5E23EC101700E55653 /* JCS_Kit */ = {
			isa = PBXGroup;
			children = (
				7D056E5F23EC103500E55653 /* JCS_Kit.h */,
			);
			path = JCS_Kit;
			sourceTree = "<group>";
		};
		C1E0B2858A905F7CC92389A9 /* Pods */ = {
			isa = PBXGroup;
			children = (
				DCF346EA65B37144E17495F1 /* Pods-JCS_Kit.debug.xcconfig */,
				52394D152E1D28A262AEDFD6 /* Pods-JCS_Kit.release.xcconfig */,
			);
			name = Pods;
			path = Pods;
			sourceTree = "<group>";
		};
/* End PBXGroup section */

/* Begin PBXNativeTarget section */
		7D056E4123EC0FD700E55653 /* JCS_Kit */ = {
			isa = PBXNativeTarget;
			buildConfigurationList = 7D056E5B23EC0FDA00E55653 /* Build configuration list for PBXNativeTarget "JCS_Kit" */;
			buildPhases = (
				CEE7319284117DAD8F89D969 /* [CP] Check Pods Manifest.lock */,
				7D056E3E23EC0FD700E55653 /* Sources */,
				7D056E3F23EC0FD700E55653 /* Frameworks */,
				7D056E4023EC0FD700E55653 /* Resources */,
				32085E6D0D3933DDDBAE073E /* [CP] Embed Pods Frameworks */,
			);
			buildRules = (
			);
			dependencies = (
			);
			name = JCS_Kit;
			productName = JCS_Kit;
			productReference = 7D056E4223EC0FD700E55653 /* JCS_Kit.app */;
			productType = "com.apple.product-type.application";
		};
/* End PBXNativeTarget section */

/* Begin PBXProject section */
		7D056E3A23EC0FD700E55653 /* Project object */ = {
			isa = PBXProject;
			attributes = {
				LastUpgradeCheck = 1130;
				ORGANIZATIONNAME = yongping;
				TargetAttributes = {
					7D056E4123EC0FD700E55653 = {
						CreatedOnToolsVersion = 11.3.1;
					};
				};
			};
			buildConfigurationList = 7D056E3D23EC0FD700E55653 /* Build configuration list for PBXProject "JCS_Kit" */;
			compatibilityVersion = "Xcode 9.3";
			developmentRegion = en;
			hasScannedForEncodings = 0;
			knownRegions = (
				en,
				Base,
			);
			mainGroup = 7D056E3923EC0FD700E55653;
			productRefGroup = 7D056E4323EC0FD700E55653 /* Products */;
			projectDirPath = "";
			projectRoot = "";
			targets = (
				7D056E4123EC0FD700E55653 /* JCS_Kit */,
			);
		};
/* End PBXProject section */

/* Begin PBXResourcesBuildPhase section */
		7D056E4023EC0FD700E55653 /* Resources */ = {
			isa = PBXResourcesBuildPhase;
			buildActionMask = 2147483647;
			files = (
				7D056E5523EC0FDA00E55653 /* LaunchScreen.storyboard in Resources */,
				7D056E5223EC0FDA00E55653 /* Assets.xcassets in Resources */,
				7D056E5023EC0FD700E55653 /* Main.storyboard in Resources */,
			);
			runOnlyForDeploymentPostprocessing = 0;
		};
/* End PBXResourcesBuildPhase section */

/* Begin PBXShellScriptBuildPhase section */
		32085E6D0D3933DDDBAE073E /* [CP] Embed Pods Frameworks */ = {
			isa = PBXShellScriptBuildPhase;
			buildActionMask = 2147483647;
			files = (
			);
			inputFileListPaths = (
				"${PODS_ROOT}/Target Support Files/Pods-JCS_Kit/Pods-JCS_Kit-frameworks-${CONFIGURATION}-input-files.xcfilelist",
			);
			name = "[CP] Embed Pods Frameworks";
			outputFileListPaths = (
				"${PODS_ROOT}/Target Support Files/Pods-JCS_Kit/Pods-JCS_Kit-frameworks-${CONFIGURATION}-output-files.xcfilelist",
			);
			runOnlyForDeploymentPostprocessing = 0;
			shellPath = /bin/sh;
			shellScript = "\"${PODS_ROOT}/Target Support Files/Pods-JCS_Kit/Pods-JCS_Kit-frameworks.sh\"\n";
			showEnvVarsInLog = 0;
		};
		CEE7319284117DAD8F89D969 /* [CP] Check Pods Manifest.lock */ = {
			isa = PBXShellScriptBuildPhase;
			buildActionMask = 2147483647;
			files = (
			);
			inputFileListPaths = (
			);
			inputPaths = (
				"${PODS_PODFILE_DIR_PATH}/Podfile.lock",
				"${PODS_ROOT}/Manifest.lock",
			);
			name = "[CP] Check Pods Manifest.lock";
			outputFileListPaths = (
			);
			outputPaths = (
				"$(DERIVED_FILE_DIR)/Pods-JCS_Kit-checkManifestLockResult.txt",
			);
			runOnlyForDeploymentPostprocessing = 0;
			shellPath = /bin/sh;
			shellScript = "diff \"${PODS_PODFILE_DIR_PATH}/Podfile.lock\" \"${PODS_ROOT}/Manifest.lock\" > /dev/null\nif [ $? != 0 ] ; then\n    # print error to STDERR\n    echo \"error: The sandbox is not in sync with the Podfile.lock. Run 'pod install' or update your CocoaPods installation.\" >&2\n    exit 1\nfi\n# This output is used by Xcode 'outputs' to avoid re-running this script phase.\necho \"SUCCESS\" > \"${SCRIPT_OUTPUT_FILE_0}\"\n";
			showEnvVarsInLog = 0;
		};
/* End PBXShellScriptBuildPhase section */

/* Begin PBXSourcesBuildPhase section */
		7D056E3E23EC0FD700E55653 /* Sources */ = {
			isa = PBXSourcesBuildPhase;
			buildActionMask = 2147483647;
			files = (
				7D056E4D23EC0FD700E55653 /* ViewController.m in Sources */,
				7D056E4723EC0FD700E55653 /* AppDelegate.m in Sources */,
				7D056E5823EC0FDA00E55653 /* main.m in Sources */,
				7D056E4A23EC0FD700E55653 /* SceneDelegate.m in Sources */,
			);
			runOnlyForDeploymentPostprocessing = 0;
		};
/* End PBXSourcesBuildPhase section */

/* Begin PBXVariantGroup section */
		7D056E4E23EC0FD700E55653 /* Main.storyboard */ = {
			isa = PBXVariantGroup;
			children = (
				7D056E4F23EC0FD700E55653 /* Base */,
			);
			name = Main.storyboard;
			sourceTree = "<group>";
		};
		7D056E5323EC0FDA00E55653 /* LaunchScreen.storyboard */ = {
			isa = PBXVariantGroup;
			children = (
				7D056E5423EC0FDA00E55653 /* Base */,
			);
			name = LaunchScreen.storyboard;
			sourceTree = "<group>";
		};
/* End PBXVariantGroup section */

/* Begin XCBuildConfiguration section */
		7D056E5923EC0FDA00E55653 /* Debug */ = {
			isa = XCBuildConfiguration;
			buildSettings = {
				ALWAYS_SEARCH_USER_PATHS = NO;
				CLANG_ANALYZER_NONNULL = YES;
				CLANG_ANALYZER_NUMBER_OBJECT_CONVERSION = YES_AGGRESSIVE;
				CLANG_CXX_LANGUAGE_STANDARD = "gnu++14";
				CLANG_CXX_LIBRARY = "libc++";
				CLANG_ENABLE_MODULES = YES;
				CLANG_ENABLE_OBJC_ARC = YES;
				CLANG_ENABLE_OBJC_WEAK = YES;
				CLANG_WARN_BLOCK_CAPTURE_AUTORELEASING = YES;
				CLANG_WARN_BOOL_CONVERSION = YES;
				CLANG_WARN_COMMA = YES;
				CLANG_WARN_CONSTANT_CONVERSION = YES;
				CLANG_WARN_DEPRECATED_OBJC_IMPLEMENTATIONS = YES;
				CLANG_WARN_DIRECT_OBJC_ISA_USAGE = YES_ERROR;
				CLANG_WARN_DOCUMENTATION_COMMENTS = YES;
				CLANG_WARN_EMPTY_BODY = YES;
				CLANG_WARN_ENUM_CONVERSION = YES;
				CLANG_WARN_INFINITE_RECURSION = YES;
				CLANG_WARN_INT_CONVERSION = YES;
				CLANG_WARN_NON_LITERAL_NULL_CONVERSION = YES;
				CLANG_WARN_OBJC_IMPLICIT_RETAIN_SELF = YES;
				CLANG_WARN_OBJC_LITERAL_CONVERSION = YES;
				CLANG_WARN_OBJC_ROOT_CLASS = YES_ERROR;
				CLANG_WARN_RANGE_LOOP_ANALYSIS = YES;
				CLANG_WARN_STRICT_PROTOTYPES = YES;
				CLANG_WARN_SUSPICIOUS_MOVE = YES;
				CLANG_WARN_UNGUARDED_AVAILABILITY = YES_AGGRESSIVE;
				CLANG_WARN_UNREACHABLE_CODE = YES;
				CLANG_WARN__DUPLICATE_METHOD_MATCH = YES;
				COPY_PHASE_STRIP = NO;
				DEBUG_INFORMATION_FORMAT = dwarf;
				ENABLE_STRICT_OBJC_MSGSEND = YES;
				ENABLE_TESTABILITY = YES;
				GCC_C_LANGUAGE_STANDARD = gnu11;
				GCC_DYNAMIC_NO_PIC = NO;
				GCC_NO_COMMON_BLOCKS = YES;
				GCC_OPTIMIZATION_LEVEL = 0;
				GCC_PREPROCESSOR_DEFINITIONS = (
					"DEBUG=1",
					"$(inherited)",
				);
				GCC_WARN_64_TO_32_BIT_CONVERSION = YES;
				GCC_WARN_ABOUT_RETURN_TYPE = YES_ERROR;
				GCC_WARN_UNDECLARED_SELECTOR = YES;
				GCC_WARN_UNINITIALIZED_AUTOS = YES_AGGRESSIVE;
				GCC_WARN_UNUSED_FUNCTION = YES;
				GCC_WARN_UNUSED_VARIABLE = YES;
				IPHONEOS_DEPLOYMENT_TARGET = 13.2;
				MTL_ENABLE_DEBUG_INFO = INCLUDE_SOURCE;
				MTL_FAST_MATH = YES;
				ONLY_ACTIVE_ARCH = YES;
				SDKROOT = iphoneos;
			};
			name = Debug;
		};
		7D056E5A23EC0FDA00E55653 /* Release */ = {
			isa = XCBuildConfiguration;
			buildSettings = {
				ALWAYS_SEARCH_USER_PATHS = NO;
				CLANG_ANALYZER_NONNULL = YES;
				CLANG_ANALYZER_NUMBER_OBJECT_CONVERSION = YES_AGGRESSIVE;
				CLANG_CXX_LANGUAGE_STANDARD = "gnu++14";
				CLANG_CXX_LIBRARY = "libc++";
				CLANG_ENABLE_MODULES = YES;
				CLANG_ENABLE_OBJC_ARC = YES;
				CLANG_ENABLE_OBJC_WEAK = YES;
				CLANG_WARN_BLOCK_CAPTURE_AUTORELEASING = YES;
				CLANG_WARN_BOOL_CONVERSION = YES;
				CLANG_WARN_COMMA = YES;
				CLANG_WARN_CONSTANT_CONVERSION = YES;
				CLANG_WARN_DEPRECATED_OBJC_IMPLEMENTATIONS = YES;
				CLANG_WARN_DIRECT_OBJC_ISA_USAGE = YES_ERROR;
				CLANG_WARN_DOCUMENTATION_COMMENTS = YES;
				CLANG_WARN_EMPTY_BODY = YES;
				CLANG_WARN_ENUM_CONVERSION = YES;
				CLANG_WARN_INFINITE_RECURSION = YES;
				CLANG_WARN_INT_CONVERSION = YES;
				CLANG_WARN_NON_LITERAL_NULL_CONVERSION = YES;
				CLANG_WARN_OBJC_IMPLICIT_RETAIN_SELF = YES;
				CLANG_WARN_OBJC_LITERAL_CONVERSION = YES;
				CLANG_WARN_OBJC_ROOT_CLASS = YES_ERROR;
				CLANG_WARN_RANGE_LOOP_ANALYSIS = YES;
				CLANG_WARN_STRICT_PROTOTYPES = YES;
				CLANG_WARN_SUSPICIOUS_MOVE = YES;
				CLANG_WARN_UNGUARDED_AVAILABILITY = YES_AGGRESSIVE;
				CLANG_WARN_UNREACHABLE_CODE = YES;
				CLANG_WARN__DUPLICATE_METHOD_MATCH = YES;
				COPY_PHASE_STRIP = NO;
				DEBUG_INFORMATION_FORMAT = "dwarf-with-dsym";
				ENABLE_NS_ASSERTIONS = NO;
				ENABLE_STRICT_OBJC_MSGSEND = YES;
				GCC_C_LANGUAGE_STANDARD = gnu11;
				GCC_NO_COMMON_BLOCKS = YES;
				GCC_WARN_64_TO_32_BIT_CONVERSION = YES;
				GCC_WARN_ABOUT_RETURN_TYPE = YES_ERROR;
				GCC_WARN_UNDECLARED_SELECTOR = YES;
				GCC_WARN_UNINITIALIZED_AUTOS = YES_AGGRESSIVE;
				GCC_WARN_UNUSED_FUNCTION = YES;
				GCC_WARN_UNUSED_VARIABLE = YES;
				IPHONEOS_DEPLOYMENT_TARGET = 13.2;
				MTL_ENABLE_DEBUG_INFO = NO;
				MTL_FAST_MATH = YES;
				SDKROOT = iphoneos;
				VALIDATE_PRODUCT = YES;
			};
			name = Release;
		};
		7D056E5C23EC0FDA00E55653 /* Debug */ = {
			isa = XCBuildConfiguration;
			baseConfigurationReference = DCF346EA65B37144E17495F1 /* Pods-JCS_Kit.debug.xcconfig */;
			buildSettings = {
				ASSETCATALOG_COMPILER_APPICON_NAME = AppIcon;
				CODE_SIGN_STYLE = Automatic;
				DEVELOPMENT_TEAM = U63496999C;
				INFOPLIST_FILE = JCS_Kit/Info.plist;
				LD_RUNPATH_SEARCH_PATHS = (
					"$(inherited)",
					"@executable_path/Frameworks",
				);
				PRODUCT_BUNDLE_IDENTIFIER = "com.jackcat.JCS-Kit";
				PRODUCT_NAME = "$(TARGET_NAME)";
				TARGETED_DEVICE_FAMILY = "1,2";
			};
			name = Debug;
		};
		7D056E5D23EC0FDA00E55653 /* Release */ = {
			isa = XCBuildConfiguration;
			baseConfigurationReference = 52394D152E1D28A262AEDFD6 /* Pods-JCS_Kit.release.xcconfig */;
			buildSettings = {
				ASSETCATALOG_COMPILER_APPICON_NAME = AppIcon;
				CODE_SIGN_STYLE = Automatic;
				DEVELOPMENT_TEAM = U63496999C;
				INFOPLIST_FILE = JCS_Kit/Info.plist;
				LD_RUNPATH_SEARCH_PATHS = (
					"$(inherited)",
					"@executable_path/Frameworks",
				);
				PRODUCT_BUNDLE_IDENTIFIER = "com.jackcat.JCS-Kit";
				PRODUCT_NAME = "$(TARGET_NAME)";
				TARGETED_DEVICE_FAMILY = "1,2";
			};
			name = Release;
		};
/* End XCBuildConfiguration section */

/* Begin XCConfigurationList section */
		7D056E3D23EC0FD700E55653 /* Build configuration list for PBXProject "JCS_Kit" */ = {
			isa = XCConfigurationList;
			buildConfigurations = (
				7D056E5923EC0FDA00E55653 /* Debug */,
				7D056E5A23EC0FDA00E55653 /* Release */,
			);
			defaultConfigurationIsVisible = 0;
			defaultConfigurationName = Release;
		};
		7D056E5B23EC0FDA00E55653 /* Build configuration list for PBXNativeTarget "JCS_Kit" */ = {
			isa = XCConfigurationList;
			buildConfigurations = (
				7D056E5C23EC0FDA00E55653 /* Debug */,
				7D056E5D23EC0FDA00E55653 /* Release */,
			);
			defaultConfigurationIsVisible = 0;
			defaultConfigurationName = Release;
		};
/* End XCConfigurationList section */
	};
	rootObject = 7D056E3A23EC0FD700E55653 /* Project object */;
}
